
Microsoft Visual Studio Solution File, Format Version 12.00
# Visual Studio Version 17
VisualStudioVersion = 17.2.32630.192
MinimumVisualStudioVersion = 10.0.40219.1
Project("{FAE04EC0-301F-11D3-BF4B-00C04F79EFBC}") = "Hello World LetsGit(hub) this down!", "Hello World LetsGit(hub) this down!\Hello World LetsGit(hub) this down!.csproj", "{8A522509-A69F-4764-99E6-030E09BE64AD}"
EndProject
Global
	GlobalSection(SolutionConfigurationPlatforms) = preSolution
		Debug|Any CPU = Debug|Any CPU
		Release|Any CPU = Release|Any CPU
	EndGlobalSection
	GlobalSection(ProjectConfigurationPlatforms) = postSolution
		{8A522509-A69F-4764-99E6-030E09BE64AD}.Debug|Any CPU.ActiveCfg = Debug|Any CPU
		{8A522509-A69F-4764-99E6-030E09BE64AD}.Debug|Any CPU.Build.0 = Debug|Any CPU
		{8A522509-A69F-4764-99E6-030E09BE64AD}.Release|Any CPU.ActiveCfg = Release|Any CPU
		{8A522509-A69F-4764-99E6-030E09BE64AD}.Release|Any CPU.Build.0 = Release|Any CPU
	EndGlobalSection
	GlobalSection(SolutionProperties) = preSolution
		HideSolutionNode = FALSE
	EndGlobalSection
	GlobalSection(ExtensibilityGlobals) = postSolution
		SolutionGuid = {4557FECA-A78C-4331-8F8C-F7F6039DD15E}
	EndGlobalSection
EndGlobal
